
Microsoft Visual Studio Solution File, Format Version 12.00
# Visual Studio 15
VisualStudioVersion = 15.0.28010.2016
MinimumVisualStudioVersion = 10.0.40219.1
Project("{FAE04EC0-301F-11D3-BF4B-00C04F79EFBC}") = "AnagramI", "AnagramI\AnagramI.csproj", "{8F1798EF-306C-4438-B9BD-5CD9A3475A71}"
EndProject
Project("{FAE04EC0-301F-11D3-BF4B-00C04F79EFBC}") = "AnagramTest", "AnagramTest\AnagramTest.csproj", "{B2D1B7FD-3D37-4663-B7D9-70AA43CBF702}"
EndProject
Project("{FAE04EC0-301F-11D3-BF4B-00C04F79EFBC}") = "CodeTest", "CodeTest\CodeTest.csproj", "{D9AB1F2E-B715-4CF7-BE11-D5B16409A34D}"
EndProject
Global
	GlobalSection(SolutionConfigurationPlatforms) = preSolution
		Debug|Any CPU = Debug|Any CPU
		Release|Any CPU = Release|Any CPU
	EndGlobalSection
	GlobalSection(ProjectConfigurationPlatforms) = postSolution
		{8F1798EF-306C-4438-B9BD-5CD9A3475A71}.Debug|Any CPU.ActiveCfg = Debug|Any CPU
		{8F1798EF-306C-4438-B9BD-5CD9A3475A71}.Debug|Any CPU.Build.0 = Debug|Any CPU
		{8F1798EF-306C-4438-B9BD-5CD9A3475A71}.Release|Any CPU.ActiveCfg = Release|Any CPU
		{8F1798EF-306C-4438-B9BD-5CD9A3475A71}.Release|Any CPU.Build.0 = Release|Any CPU
		{B2D1B7FD-3D37-4663-B7D9-70AA43CBF702}.Debug|Any CPU.ActiveCfg = Debug|Any CPU
		{B2D1B7FD-3D37-4663-B7D9-70AA43CBF702}.Debug|Any CPU.Build.0 = Debug|Any CPU
		{B2D1B7FD-3D37-4663-B7D9-70AA43CBF702}.Release|Any CPU.ActiveCfg = Release|Any CPU
		{B2D1B7FD-3D37-4663-B7D9-70AA43CBF702}.Release|Any CPU.Build.0 = Release|Any CPU
		{D9AB1F2E-B715-4CF7-BE11-D5B16409A34D}.Debug|Any CPU.ActiveCfg = Debug|Any CPU
		{D9AB1F2E-B715-4CF7-BE11-D5B16409A34D}.Debug|Any CPU.Build.0 = Debug|Any CPU
		{D9AB1F2E-B715-4CF7-BE11-D5B16409A34D}.Release|Any CPU.ActiveCfg = Release|Any CPU
		{D9AB1F2E-B715-4CF7-BE11-D5B16409A34D}.Release|Any CPU.Build.0 = Release|Any CPU
	EndGlobalSection
	GlobalSection(SolutionProperties) = preSolution
		HideSolutionNode = FALSE
	EndGlobalSection
	GlobalSection(ExtensibilityGlobals) = postSolution
		SolutionGuid = {3E7919C8-0EF7-47C3-9282-5603B8847BAD}
	EndGlobalSection
EndGlobal
