
Microsoft Visual Studio Solution File, Format Version 12.00
# Visual Studio 15
VisualStudioVersion = 15.0.28010.2016
MinimumVisualStudioVersion = 10.0.40219.1
Project("{FAE04EC0-301F-11D3-BF4B-00C04F79EFBC}") = "SortingI", "SortingI\SortingI.csproj", "{6367E644-EFFB-4311-A382-12A1E6F33693}"
EndProject
Project("{FAE04EC0-301F-11D3-BF4B-00C04F79EFBC}") = "Test", "Test\Test.csproj", "{3DC55054-331C-4919-8162-4DC16D5EFD7E}"
EndProject
Global
	GlobalSection(SolutionConfigurationPlatforms) = preSolution
		Debug|Any CPU = Debug|Any CPU
		Release|Any CPU = Release|Any CPU
	EndGlobalSection
	GlobalSection(ProjectConfigurationPlatforms) = postSolution
		{6367E644-EFFB-4311-A382-12A1E6F33693}.Debug|Any CPU.ActiveCfg = Debug|Any CPU
		{6367E644-EFFB-4311-A382-12A1E6F33693}.Debug|Any CPU.Build.0 = Debug|Any CPU
		{6367E644-EFFB-4311-A382-12A1E6F33693}.Release|Any CPU.ActiveCfg = Release|Any CPU
		{6367E644-EFFB-4311-A382-12A1E6F33693}.Release|Any CPU.Build.0 = Release|Any CPU
		{3DC55054-331C-4919-8162-4DC16D5EFD7E}.Debug|Any CPU.ActiveCfg = Debug|Any CPU
		{3DC55054-331C-4919-8162-4DC16D5EFD7E}.Debug|Any CPU.Build.0 = Debug|Any CPU
		{3DC55054-331C-4919-8162-4DC16D5EFD7E}.Release|Any CPU.ActiveCfg = Release|Any CPU
		{3DC55054-331C-4919-8162-4DC16D5EFD7E}.Release|Any CPU.Build.0 = Release|Any CPU
	EndGlobalSection
	GlobalSection(SolutionProperties) = preSolution
		HideSolutionNode = FALSE
	EndGlobalSection
	GlobalSection(ExtensibilityGlobals) = postSolution
		SolutionGuid = {B407C518-20D5-4A33-9539-7EDF72B3C9BB}
	EndGlobalSection
EndGlobal
