
Microsoft Visual Studio Solution File, Format Version 12.00
# Visual Studio 15
VisualStudioVersion = 15.0.28010.2016
MinimumVisualStudioVersion = 10.0.40219.1
Project("{FAE04EC0-301F-11D3-BF4B-00C04F79EFBC}") = "RomanNumberIII", "RomanNumberIII\RomanNumberIII.csproj", "{90F2C2DC-62D3-4807-92F9-74CEB7591709}"
EndProject
Project("{FAE04EC0-301F-11D3-BF4B-00C04F79EFBC}") = "RomanNumberIIITest", "RomanNumberIIITest\RomanNumberIIITest.csproj", "{E2964228-AD96-44D3-80F6-1CA25974A96B}"
EndProject
Global
	GlobalSection(SolutionConfigurationPlatforms) = preSolution
		Debug|Any CPU = Debug|Any CPU
		Release|Any CPU = Release|Any CPU
	EndGlobalSection
	GlobalSection(ProjectConfigurationPlatforms) = postSolution
		{90F2C2DC-62D3-4807-92F9-74CEB7591709}.Debug|Any CPU.ActiveCfg = Debug|Any CPU
		{90F2C2DC-62D3-4807-92F9-74CEB7591709}.Debug|Any CPU.Build.0 = Debug|Any CPU
		{90F2C2DC-62D3-4807-92F9-74CEB7591709}.Release|Any CPU.ActiveCfg = Release|Any CPU
		{90F2C2DC-62D3-4807-92F9-74CEB7591709}.Release|Any CPU.Build.0 = Release|Any CPU
		{E2964228-AD96-44D3-80F6-1CA25974A96B}.Debug|Any CPU.ActiveCfg = Debug|Any CPU
		{E2964228-AD96-44D3-80F6-1CA25974A96B}.Debug|Any CPU.Build.0 = Debug|Any CPU
		{E2964228-AD96-44D3-80F6-1CA25974A96B}.Release|Any CPU.ActiveCfg = Release|Any CPU
		{E2964228-AD96-44D3-80F6-1CA25974A96B}.Release|Any CPU.Build.0 = Release|Any CPU
	EndGlobalSection
	GlobalSection(SolutionProperties) = preSolution
		HideSolutionNode = FALSE
	EndGlobalSection
	GlobalSection(ExtensibilityGlobals) = postSolution
		SolutionGuid = {A2F1B852-646D-4453-872A-04CD79FF70A1}
	EndGlobalSection
EndGlobal
